{
  "version": "5",
  "specifiers": {
    "npm:@types/node@*": "22.15.15"
  },
  "npm": {
    "@types/node@22.15.15": {
      "integrity": "sha512-R5muMcZob3/Jjchn5LcO8jdKwSCbzqmPB6ruBxMcf9kbxtniZHP327s6C37iOfuw8mbKK3cAQa7sEl7afLrQ8A==",
      "dependencies": [
        "undici-types"
      ]
    },
    "undici-types@6.21.0": {
      "integrity": "sha512-iwDZqg0QAGrg9Rav5H4n0M64c3mkR59cJ6wQp+7C4nI0gsmExaedaYLNO44eT4AtBBwjbTiGPMlt2Md0T9H9JQ=="
    }
  },
  "redirects": {
    "https://esm.sh/@automerge/automerge-repo-network-websocket": "https://esm.sh/@automerge/automerge-repo-network-websocket@2.4.0",
    "https://esm.sh/@automerge/automerge-repo-network-websocket?bundle-deps": "https://esm.sh/@automerge/automerge-repo-network-websocket@2.3.0?bundle-deps",
    "https://esm.sh/@automerge/automerge-repo-storage-indexeddb": "https://esm.sh/@automerge/automerge-repo-storage-indexeddb@2.4.0",
    "https://esm.sh/@automerge/automerge-repo-storage-indexeddb?bundle-deps": "https://esm.sh/@automerge/automerge-repo-storage-indexeddb@2.3.0?bundle-deps",
    "https://esm.sh/@automerge/automerge-repo/slim": "https://esm.sh/@automerge/automerge-repo@2.4.0/slim",
    "https://esm.sh/@automerge/automerge-repo/slim?bundle-deps": "https://esm.sh/@automerge/automerge-repo@2.3.0/slim?bundle-deps",
    "https://esm.sh/@automerge/automerge@^3.1.2/slim?target=denonext": "https://esm.sh/@automerge/automerge@3.1.2/slim?target=denonext",
    "https://esm.sh/@automerge/automerge@^3.1.2?target=denonext": "https://esm.sh/@automerge/automerge@3.1.2?target=denonext",
    "https://esm.sh/@types/alpinejs@~3.13.11/index.d.ts": "https://esm.sh/@types/alpinejs@3.13.11/index.d.ts",
    "https://esm.sh/@types/debug@~4.1.12/index.d.ts": "https://esm.sh/@types/debug@4.1.12/index.d.ts",
    "https://esm.sh/@types/ws@~8.5.13/index.d.mts": "https://esm.sh/@types/ws@8.5.14/index.d.mts",
    "https://esm.sh/@vue/reactivity@~3.1.1?target=denonext": "https://esm.sh/@vue/reactivity@3.1.5?target=denonext",
    "https://esm.sh/alpinejs/builds/module.js?bundle-deps": "https://esm.sh/alpinejs@3.15.0/builds/module.js?bundle-deps",
    "https://esm.sh/alpinejs?bundle-deps": "https://esm.sh/alpinejs@3.15.0?bundle-deps",
    "https://esm.sh/bufferutil@^4.0.1?target=denonext": "https://esm.sh/bufferutil@4.0.9?target=denonext",
    "https://esm.sh/debug@^4.3.4?target=denonext": "https://esm.sh/debug@4.4.3?target=denonext",
    "https://esm.sh/isomorphic-ws@^5.0.0?target=denonext": "https://esm.sh/isomorphic-ws@5.0.0?target=denonext",
    "https://esm.sh/ms@^2.1.3?target=denonext": "https://esm.sh/ms@2.1.3?target=denonext",
    "https://esm.sh/node-gyp-build@^4.3.0?target=denonext": "https://esm.sh/node-gyp-build@4.8.4?target=denonext",
    "https://esm.sh/supports-color?target=denonext": "https://esm.sh/supports-color@10.2.2?target=denonext",
    "https://esm.sh/utf-8-validate@%3E=5.0.2?target=denonext": "https://esm.sh/utf-8-validate@6.0.5?target=denonext"
  },
  "remote": {
    "https://cdn.jsdelivr.net/npm/alpinejs@3.x.x/dist/cdn.js": "a0bac13959d09d8c6afed59cfd01f05cecc003244edb257c096c415d8074c87a",
    "https://cdn.jsdelivr.net/npm/alpinejs@3.x.x/dist/cdn.min.js": "e041f1b639d1e6b2fc2736d8d7638a409afcd444a6ec90446f8f4e44fa36f406",
    "https://deno.land/std@0.224.0/assert/assert.ts": "09d30564c09de846855b7b071e62b5974b001bb72a4b797958fe0660e7849834",
    "https://deno.land/std@0.224.0/assert/assertion_error.ts": "ba8752bd27ebc51f723702fac2f54d3e94447598f54264a6653d6413738a8917",
    "https://deno.land/std@0.224.0/cli/parse_args.ts": "5250832fb7c544d9111e8a41ad272c016f5a53f975ef84d5a9fe5fcb70566ece",
    "https://deno.land/std@0.224.0/encoding/_util.ts": "beacef316c1255da9bc8e95afb1fa56ed69baef919c88dc06ae6cb7a6103d376",
    "https://deno.land/std@0.224.0/encoding/base64.ts": "dd59695391584c8ffc5a296ba82bcdba6dd8a84d41a6a539fbee8e5075286eaf",
    "https://deno.land/std@0.224.0/fmt/bytes.ts": "7b294a4b9cf0297efa55acb55d50610f3e116a0ac772d1df0ae00f0b833ccd4a",
    "https://deno.land/std@0.224.0/fmt/colors.ts": "508563c0659dd7198ba4bbf87e97f654af3c34eb56ba790260f252ad8012e1c5",
    "https://deno.land/std@0.224.0/http/etag.ts": "9ca56531be682f202e4239971931060b688ee5c362688e239eeaca39db9e72cb",
    "https://deno.land/std@0.224.0/http/file_server.ts": "2a5392195b8e7713288f274d071711b705bb5b3220294d76cce495d456c61a93",
    "https://deno.land/std@0.224.0/http/status.ts": "ed61b4882af2514a81aefd3245e8df4c47b9a8e54929a903577643d2d1ebf514",
    "https://deno.land/std@0.224.0/media_types/_db.ts": "19563a2491cd81b53b9c1c6ffd1a9145c355042d4a854c52f6e1424f73ff3923",
    "https://deno.land/std@0.224.0/media_types/_util.ts": "e0b8da0c7d8ad2015cf27ac16ddf0809ac984b2f3ec79f7fa4206659d4f10deb",
    "https://deno.land/std@0.224.0/media_types/content_type.ts": "ed3f2e1f243b418ad3f441edc95fd92efbadb0f9bde36219c7564c67f9639513",
    "https://deno.land/std@0.224.0/media_types/format_media_type.ts": "ffef4718afa2489530cb94021bb865a466eb02037609f7e82899c017959d288a",
    "https://deno.land/std@0.224.0/media_types/get_charset.ts": "277ebfceb205bd34e616fe6764ef03fb277b77f040706272bea8680806ae3f11",
    "https://deno.land/std@0.224.0/media_types/parse_media_type.ts": "487f000a38c230ccbac25420a50f600862e06796d0eee19d19631b9e84ee9654",
    "https://deno.land/std@0.224.0/media_types/type_by_extension.ts": "bf4e3f5d6b58b624d5daa01cbb8b1e86d9939940a77e7c26e796a075b60ec73b",
    "https://deno.land/std@0.224.0/media_types/vendor/mime-db.v1.52.0.ts": "0218d2c7d900e8cd6fa4a866e0c387712af4af9a1bae55d6b2546c73d273a1e6",
    "https://deno.land/std@0.224.0/path/_common/assert_path.ts": "dbdd757a465b690b2cc72fc5fb7698c51507dec6bfafce4ca500c46b76ff7bd8",
    "https://deno.land/std@0.224.0/path/_common/constants.ts": "dc5f8057159f4b48cd304eb3027e42f1148cf4df1fb4240774d3492b5d12ac0c",
    "https://deno.land/std@0.224.0/path/_common/normalize.ts": "684df4aa71a04bbcc346c692c8485594fc8a90b9408dfbc26ff32cf3e0c98cc8",
    "https://deno.land/std@0.224.0/path/_common/normalize_string.ts": "33edef773c2a8e242761f731adeb2bd6d683e9c69e4e3d0092985bede74f4ac3",
    "https://deno.land/std@0.224.0/path/_common/relative.ts": "faa2753d9b32320ed4ada0733261e3357c186e5705678d9dd08b97527deae607",
    "https://deno.land/std@0.224.0/path/_os.ts": "8fb9b90fb6b753bd8c77cfd8a33c2ff6c5f5bc185f50de8ca4ac6a05710b2c15",
    "https://deno.land/std@0.224.0/path/constants.ts": "0c206169ca104938ede9da48ac952de288f23343304a1c3cb6ec7625e7325f36",
    "https://deno.land/std@0.224.0/path/extname.ts": "593303db8ae8c865cbd9ceec6e55d4b9ac5410c1e276bfd3131916591b954441",
    "https://deno.land/std@0.224.0/path/join.ts": "ae2ec5ca44c7e84a235fd532e4a0116bfb1f2368b394db1c4fb75e3c0f26a33a",
    "https://deno.land/std@0.224.0/path/posix/_util.ts": "1e3937da30f080bfc99fe45d7ed23c47dd8585c5e473b2d771380d3a6937cf9d",
    "https://deno.land/std@0.224.0/path/posix/extname.ts": "e398c1d9d1908d3756a7ed94199fcd169e79466dd88feffd2f47ce0abf9d61d2",
    "https://deno.land/std@0.224.0/path/posix/join.ts": "7fc2cb3716aa1b863e990baf30b101d768db479e70b7313b4866a088db016f63",
    "https://deno.land/std@0.224.0/path/posix/normalize.ts": "baeb49816a8299f90a0237d214cef46f00ba3e95c0d2ceb74205a6a584b58a91",
    "https://deno.land/std@0.224.0/path/posix/relative.ts": "3907d6eda41f0ff723d336125a1ad4349112cd4d48f693859980314d5b9da31c",
    "https://deno.land/std@0.224.0/path/posix/resolve.ts": "08b699cfeee10cb6857ccab38fa4b2ec703b0ea33e8e69964f29d02a2d5257cf",
    "https://deno.land/std@0.224.0/path/relative.ts": "ab739d727180ed8727e34ed71d976912461d98e2b76de3d3de834c1066667add",
    "https://deno.land/std@0.224.0/path/resolve.ts": "a6f977bdb4272e79d8d0ed4333e3d71367cc3926acf15ac271f1d059c8494d8d",
    "https://deno.land/std@0.224.0/path/windows/_util.ts": "d5f47363e5293fced22c984550d5e70e98e266cc3f31769e1710511803d04808",
    "https://deno.land/std@0.224.0/path/windows/extname.ts": "165a61b00d781257fda1e9606a48c78b06815385e7d703232548dbfc95346bef",
    "https://deno.land/std@0.224.0/path/windows/join.ts": "8d03530ab89195185103b7da9dfc6327af13eabdcd44c7c63e42e27808f50ecf",
    "https://deno.land/std@0.224.0/path/windows/normalize.ts": "78126170ab917f0ca355a9af9e65ad6bfa5be14d574c5fb09bb1920f52577780",
    "https://deno.land/std@0.224.0/path/windows/relative.ts": "3e1abc7977ee6cc0db2730d1f9cb38be87b0ce4806759d271a70e4997fc638d7",
    "https://deno.land/std@0.224.0/path/windows/resolve.ts": "8dae1dadfed9d46ff46cc337c9525c0c7d959fb400a6308f34595c45bdca1972",
    "https://deno.land/std@0.224.0/streams/byte_slice_stream.ts": "5bbdcadb118390affa9b3d0a0f73ef8e83754f59bb89df349add669dd9369713",
    "https://deno.land/std@0.224.0/version.ts": "f6a28c9704d82d1c095988777e30e6172eb674a6570974a0d27a653be769bbbe",
    "https://esm.sh/@automerge/automerge-repo-network-websocket@2.3.0/denonext/automerge-repo-network-websocket.bundle.mjs": "cc5246f08ae82b538aa7b7d3c2b9e265403cbf7d7bee49442cb07ad3c55b1d79",
    "https://esm.sh/@automerge/automerge-repo-network-websocket@2.3.0?bundle-deps": "5f1a0e433a3d8888fcc1fab7f8c6409f95017d7ac274aed72693de44e60f8413",
    "https://esm.sh/@automerge/automerge-repo-network-websocket@2.4.0": "b1d9cc0f95ce8a778f8a00da1c97afed80ecf7f078fe2152efd035a09832dbae",
    "https://esm.sh/@automerge/automerge-repo-network-websocket@2.4.0/denonext/automerge-repo-network-websocket.bundle.mjs": "1f5c736f11151eb7085fa0ce869ffd785603601813fa6674bbb8b22afb7fd35e",
    "https://esm.sh/@automerge/automerge-repo-network-websocket@2.4.0/denonext/automerge-repo-network-websocket.mjs": "44fcaf7b54e8f1247f8563915a5d2a0b38433d2f58016228b598d6f50585759d",
    "https://esm.sh/@automerge/automerge-repo-network-websocket@2.4.0?bundle-deps": "a1852e28056b00ade7e7738e3fbe0e9f76e6dfa735175fbe6e248af7261e696d",
    "https://esm.sh/@automerge/automerge-repo-storage-indexeddb@2.3.0/denonext/automerge-repo-storage-indexeddb.bundle.mjs": "a6ae468eea31569f0082f788445db3ad50a9af8946e0728ff97660f8d2a481c6",
    "https://esm.sh/@automerge/automerge-repo-storage-indexeddb@2.3.0?bundle-deps": "3f3e168056aa51bc4e9a820dc10750bb3f445b6ce39d970b60cca77932bce56f",
    "https://esm.sh/@automerge/automerge-repo-storage-indexeddb@2.4.0": "cf527cda56e1033f7ca36a1f6a30df9f2696efc9490f88a879c9d5c211d7420e",
    "https://esm.sh/@automerge/automerge-repo-storage-indexeddb@2.4.0/denonext/automerge-repo-storage-indexeddb.bundle.mjs": "8569f7dab8802d4ed6de2f50a1433fcf7644569dcd49c8c253b40ea741c1cd6c",
    "https://esm.sh/@automerge/automerge-repo-storage-indexeddb@2.4.0/denonext/automerge-repo-storage-indexeddb.mjs": "d77218a34c1713fc3e4c5636d1a4d788f10ae149faaa92a5a81165dcc9b3659f",
    "https://esm.sh/@automerge/automerge-repo-storage-indexeddb@2.4.0?bundle-deps": "eae79fa4e62194f0b6b90498b38fb9d3ef4f8cce12ac8acd9d6aeefbec0e03fe",
    "https://esm.sh/@automerge/automerge-repo@2.3.0/denonext/slim.bundle.mjs": "5fd032c3f0a15b7e542e5f8e037531f08302e8faca2e3033f6edae1222623b2a",
    "https://esm.sh/@automerge/automerge-repo@2.3.0/slim?bundle-deps": "03183f5f33566962b34ee6158910754d36f043b4bd8ace127b4b1b60792627b2",
    "https://esm.sh/@automerge/automerge-repo@2.4.0/denonext/automerge-repo.mjs": "a8e8059051d87a4ccf245c8705d6a6df3585f967f11dc8f343cdd4b7a15a44b2",
    "https://esm.sh/@automerge/automerge-repo@2.4.0/denonext/dist/index.mjs": "f3cc33b36819ea2f0df518e010daf1fd25f7e9e0ce698bff8585c8c4a7208099",
    "https://esm.sh/@automerge/automerge-repo@2.4.0/denonext/slim.bundle.mjs": "306de821876aef939fcbf97b3e285d4f50085f1b01f10da74acd1c878a02b8d8",
    "https://esm.sh/@automerge/automerge-repo@2.4.0/denonext/slim.mjs": "4b7d6882b5653c3315cc786c7180b82250215e392b8d2f8dfd0de1ae79439e37",
    "https://esm.sh/@automerge/automerge-repo@2.4.0/slim": "70f5e313e95c2396097029a4e96839a8fd8066195990242aa4e7eff7adda5e52",
    "https://esm.sh/@automerge/automerge-repo@2.4.0/slim?bundle-deps": "acf6cdbf76836f2ea764910b1065f66ee42e5f05567013d51a4d3795a0838f86",
    "https://esm.sh/@automerge/automerge@3.1.2/denonext/automerge.mjs": "562fb0ae03a9592c2a7c07da73dff83caac0fb07cfa445d46593a8b42b8033b2",
    "https://esm.sh/@automerge/automerge@3.1.2/denonext/automerge.wasm.base64.mjs": "fe1f32f9702bfc7bb43d73d405a763b5f46d57b69b6185f9f89a23b96d9a5bd1",
    "https://esm.sh/@automerge/automerge@3.1.2/denonext/dist/mjs/constants.mjs": "069216aa614cee555fb7183e3bd5d7ce55bca175714f0f890b543036ef9edfa6",
    "https://esm.sh/@automerge/automerge@3.1.2/denonext/dist/mjs/counter.mjs": "a53403d0c532639e5488c7c0644068dff285f349e89001cd677de463ebf13010",
    "https://esm.sh/@automerge/automerge@3.1.2/denonext/dist/mjs/immutable_string.mjs": "1da53f7c016e71ff534351e8ec8e74c6e572ac237634414957fb2af1ee128f90",
    "https://esm.sh/@automerge/automerge@3.1.2/denonext/dist/mjs/index.mjs": "8557b6370d8239e6c4b2c452719b8411440502be4aeae29a48d754b8b3438eb7",
    "https://esm.sh/@automerge/automerge@3.1.2/denonext/dist/mjs/low_level.mjs": "630988291b1395784ec46934d4bc360724483d375ebc9f0e285328254fa11dd9",
    "https://esm.sh/@automerge/automerge@3.1.2/denonext/slim.mjs": "0d05c483f57f2ac79b2081a368476b1c65a80592acb9451f549d02650ec27ac5",
    "https://esm.sh/@automerge/automerge@3.1.2/slim?target=denonext": "7159bdeb1ebbb6bb0e86798cef209372ff51d2fed989ee822aa5b30e748c5ba6",
    "https://esm.sh/@automerge/automerge@3.1.2?target=denonext": "82d0456716b19285ab218c3d3ae99c6eed3ce901690a119c018427418f481c05",
    "https://esm.sh/@vue/reactivity@3.1.5/denonext/reactivity.mjs": "5d15d06624bb1ce3a03591f84ef5fefa4027f0b6eefd631dd98ede91c9982d39",
    "https://esm.sh/@vue/reactivity@3.1.5/es2022/reactivity.mjs": "8306aa1661b59b76fcd0bf480d20899aee23d4273cf22f9402deb8ca45a9e316",
    "https://esm.sh/@vue/reactivity@3.1.5?target=denonext": "7e50c7398fa72ac6a65e30cde3ba50e4ccc3be00ca392fc8e9385f07fec30fe2",
    "https://esm.sh/@vue/reactivity@~3.1.1?target=es2022": "064420eea0ff21741ec808e5680d9037148260bbdef2aa8d6e4fa047fedace53",
    "https://esm.sh/@vue/shared@3.1.5/denonext/shared.mjs": "bba62135840b0717894383694e178b8e8d097d19ff00143c01b3b37180efa2e5",
    "https://esm.sh/@vue/shared@3.1.5/es2022/shared.mjs": "6236771d5d77b847d92671c3c81390a5c1f027a98a8a09fab27244e5071baac7",
    "https://esm.sh/alpinejs/builds/module.js": "456e39e8a1609b751b73297b6b5015ac928587e0a3f821e090cec36b25efc5d2",
    "https://esm.sh/alpinejs@3.15.0/builds/module.js": "9f92d05d657adeb994de8845e9d6a5753732350e5b38f18bf3ec1497b6332f39",
    "https://esm.sh/alpinejs@3.15.0/builds/module.js?bundle-deps": "87a590881f13fa037b3c4c04eb124d115269e953bf1640b533f56d6284ac1c26",
    "https://esm.sh/alpinejs@3.15.0/denonext/alpinejs.bundle.mjs": "638c83deeea89cb69f3b693f0866f6816cdaf17b3a6bd2fdb02b3b9e49ad09be",
    "https://esm.sh/alpinejs@3.15.0/denonext/builds/module.bundle.mjs": "f7f1e97c5d76ac7ddc62b8e13af2035a4a5445afc5933961c7b363f67b84eb9e",
    "https://esm.sh/alpinejs@3.15.0/denonext/builds/module.mjs": "0e4db64a49d67746f1b52ff35a4bf5537b20e916fda7b861bbd3287f3a252222",
    "https://esm.sh/alpinejs@3.15.0/es2022/builds/module.mjs": "01be631278a6b440a70876bb72802b0ae713c1600420ddb68242fd2517d70faf",
    "https://esm.sh/alpinejs@3.15.0?bundle-deps": "0d457df8faf653eafc57e7c8dd80d2759957f796e027202a46b8b4b4412873d0",
    "https://esm.sh/bufferutil@4.0.9/denonext/bufferutil.mjs": "13dca4d5bb2c68cbe119f880fa3bd785b9a81a8e02e0834dae604b4b85295cd8",
    "https://esm.sh/bufferutil@4.0.9?target=denonext": "e32574569ab438facfcc3f412c659b0719bbf05477136ca176938c9a3ac45125",
    "https://esm.sh/debug@4.4.3/denonext/debug.mjs": "fc4bb8fd2502bf87537c57f5c7c3213eb0258040361828a03970ba7d0933c516",
    "https://esm.sh/debug@4.4.3?target=denonext": "9df8b8806c13297f96185899110f8146b8b0c7944847c8392cbfb4e730a634dd",
    "https://esm.sh/isomorphic-ws@5.0.0/denonext/isomorphic-ws.mjs": "26fe1e2e217f281b0077912ae300d3934658a3e95216eaa38cea5ccda9bd2f4c",
    "https://esm.sh/isomorphic-ws@5.0.0?target=denonext": "9ece135bcacaaed8c864af56e09f3f0edaf16af966a23b89cb6782f861650a12",
    "https://esm.sh/ms@2.1.3/denonext/ms.mjs": "9039464da1f4ae1c2042742d335c82556c048bbe49449b5d0cd5198193afa147",
    "https://esm.sh/ms@2.1.3?target=denonext": "36f5aa7503ff0ff44ce9e3155a60362d8d3ae5db8db048be5764a3a515b6a263",
    "https://esm.sh/node-gyp-build@4.8.4/denonext/node-gyp-build.mjs": "9a86f2d044fc77bd60aaa3d697c2ba1b818da5fb1b9aaeedec59a40b8e908803",
    "https://esm.sh/node-gyp-build@4.8.4?target=denonext": "261a6cedf1fdbf159798141ba1e2311ac1510682c5c8b55dacc8cf5fdee4aa06",
    "https://esm.sh/supports-color@10.2.2/denonext/supports-color.mjs": "a263c0229c209e3fed166348cd02e96f08996902c9e8e7c6de4ac50c8ee2a748",
    "https://esm.sh/supports-color@10.2.2?target=denonext": "f938c90ae6175cd0ec937dabb90259b115033d9dfde267b69566089f06f92d06",
    "https://esm.sh/utf-8-validate@6.0.5/denonext/utf-8-validate.mjs": "66b8ea532a0c745068f5b96ddb1bae332c3036703243541d2e89e66331974d98",
    "https://esm.sh/utf-8-validate@6.0.5?target=denonext": "071bc33ba1a58297e23a34d69dd589fd06df04b0f373b382ff5da544a623f271",
    "https://esm.sh/ws@8.18.0/denonext/ws.mjs": "8dc628278869d8802a2740beaa6f122b2e159d05d85746cdd647a3d3ffdd3e19"
  }
}
